// !$*UTF8*$!
{
	archiveVersion = 1;
	classes = {
	};
	objectVersion = 46;
	objects = {

/* Begin PBXBuildFile section */
		00E356F31AD99517003FC87E /* strobe_liteTests.m in Sources */ = {isa = PBXBuildFile; fileRef = 00E356F21AD99517003FC87E /* strobe_liteTests.m */; };
		04B958EC3F614E688076FC99 /* Kanit-MediumItalic.ttf in Resources */ = {isa = PBXBuildFile; fileRef = 08DA6C5F96F8424ABD01A0CA /* Kanit-MediumItalic.ttf */; };
		0943B37EEE4845A0A9EC1D45 /* Rubik-Black.ttf in Resources */ = {isa = PBXBuildFile; fileRef = E25AF426FAA0454FAAE4CE58 /* Rubik-Black.ttf */; };
		12B2E63B4E7A410F864D0BD0 /* Rubik-Italic.ttf in Resources */ = {isa = PBXBuildFile; fileRef = 535F3827EA164B35A7C49BFD /* Rubik-Italic.ttf */; };
		13B07FBC1A68108700A75B9A /* AppDelegate.m in Sources */ = {isa = PBXBuildFile; fileRef = 13B07FB01A68108700A75B9A /* AppDelegate.m */; };
		13B07FBF1A68108700A75B9A /* Images.xcassets in Resources */ = {isa = PBXBuildFile; fileRef = 13B07FB51A68108700A75B9A /* Images.xcassets */; };
		13B07FC11A68108700A75B9A /* main.m in Sources */ = {isa = PBXBuildFile; fileRef = 13B07FB71A68108700A75B9A /* main.m */; };
		1BFBE20785A0459F8287F805 /* Kanit-BlackItalic.ttf in Resources */ = {isa = PBXBuildFile; fileRef = 9511CE0F3F7B4845BDC47512 /* Kanit-BlackItalic.ttf */; };
		2C62F49B88F945A9B3B80F44 /* Kanit-LightItalic.ttf in Resources */ = {isa = PBXBuildFile; fileRef = 9939E0E2A9C04A04BD9E0B25 /* Kanit-LightItalic.ttf */; };
		2D02E4BC1E0B4A80006451C7 /* AppDelegate.m in Sources */ = {isa = PBXBuildFile; fileRef = 13B07FB01A68108700A75B9A /* AppDelegate.m */; };
		2D02E4BD1E0B4A84006451C7 /* Images.xcassets in Resources */ = {isa = PBXBuildFile; fileRef = 13B07FB51A68108700A75B9A /* Images.xcassets */; };
		2D02E4BF1E0B4AB3006451C7 /* main.m in Sources */ = {isa = PBXBuildFile; fileRef = 13B07FB71A68108700A75B9A /* main.m */; };
		2DCD954D1E0B4F2C00145EB5 /* strobe_liteTests.m in Sources */ = {isa = PBXBuildFile; fileRef = 00E356F21AD99517003FC87E /* strobe_liteTests.m */; };
		340C6D753BE54C1DBEA74318 /* Kanit-SemiBold.ttf in Resources */ = {isa = PBXBuildFile; fileRef = E27C2BE883FD455BA1D605DC /* Kanit-SemiBold.ttf */; };
		378D30A27BAA4272B1BDFB9E /* Kanit-ThinItalic.ttf in Resources */ = {isa = PBXBuildFile; fileRef = 81D2AA03DB5141BA8DFE925E /* Kanit-ThinItalic.ttf */; };
		41EAFB98040E4D5DA91DCE8B /* Kanit-Regular.ttf in Resources */ = {isa = PBXBuildFile; fileRef = A5765A89671F46DD8FEFD00F /* Kanit-Regular.ttf */; };
		4D13774207E64D4B9ED27EED /* Kanit-ExtraLightItalic.ttf in Resources */ = {isa = PBXBuildFile; fileRef = B1DB15C9A27B45E6A14B227E /* Kanit-ExtraLightItalic.ttf */; };
		52B9CA3D337C4C80BD2299B3 /* Kanit-Thin.ttf in Resources */ = {isa = PBXBuildFile; fileRef = 26EBDFAAC87246C8978080F4 /* Kanit-Thin.ttf */; };
		54DFE9F211F140E6B60563D2 /* Kanit-Black.ttf in Resources */ = {isa = PBXBuildFile; fileRef = 2C360AA7FA7D406F90D2DDF9 /* Kanit-Black.ttf */; };
		5877068A43444628B8FD84A5 /* Kanit-Italic.ttf in Resources */ = {isa = PBXBuildFile; fileRef = 9FAFD228D1A24F1283063DE1 /* Kanit-Italic.ttf */; };
		58B1A7B874B698955953ACCE /* libPods-strobe_lite.a in Frameworks */ = {isa = PBXBuildFile; fileRef = 66B038974B6CC389B5944E6A /* libPods-strobe_lite.a */; };
		5C8A540ECA4348D7B0321A0E /* Kanit-ExtraLight.ttf in Resources */ = {isa = PBXBuildFile; fileRef = B1DB1393C3154076BED31F4C /* Kanit-ExtraLight.ttf */; };
		5DD3EACA2E644057AEC19709 /* Rubik-Light.ttf in Resources */ = {isa = PBXBuildFile; fileRef = 9F6A874A20F54904813CFDCF /* Rubik-Light.ttf */; };
		6945279F880347D785B38EE0 /* Rubik-Medium.ttf in Resources */ = {isa = PBXBuildFile; fileRef = 246D974D01344082A9322DE2 /* Rubik-Medium.ttf */; };
		72FCDAC33077A62106B1E4A3 /* libPods-strobe_lite-tvOSTests.a in Frameworks */ = {isa = PBXBuildFile; fileRef = 3151BEF6651FC0D250BFDBA0 /* libPods-strobe_lite-tvOSTests.a */; };
		81AB9BB82411601600AC10FF /* LaunchScreen.storyboard in Resources */ = {isa = PBXBuildFile; fileRef = 81AB9BB72411601600AC10FF /* LaunchScreen.storyboard */; };
		884403664ED94E8F911EBC02 /* Kanit-ExtraBoldItalic.ttf in Resources */ = {isa = PBXBuildFile; fileRef = 1C6ECF8567AD46DDAF26E684 /* Kanit-ExtraBoldItalic.ttf */; };
		8ACFDA1D7185436B92D273DE /* Rubik-BlackItalic.ttf in Resources */ = {isa = PBXBuildFile; fileRef = EA33596FDD784A9DAFCAE789 /* Rubik-BlackItalic.ttf */; };
		99DE78ECA9144E70BBB2A587 /* Rubik-MediumItalic.ttf in Resources */ = {isa = PBXBuildFile; fileRef = 23A2536E21B148DCBB639E0C /* Rubik-MediumItalic.ttf */; };
		9B01CFDEE290B1572CBE7477 /* libPods-strobe_lite-tvOS.a in Frameworks */ = {isa = PBXBuildFile; fileRef = E3938C8C8AB4D0F8985FF617 /* libPods-strobe_lite-tvOS.a */; };
		AD9EAA7223544C16AE9F440E /* Rubik-Bold.ttf in Resources */ = {isa = PBXBuildFile; fileRef = D16805DF957D421893B2D834 /* Rubik-Bold.ttf */; };
		B15970474F604AD1AA065E31 /* Kanit-Light.ttf in Resources */ = {isa = PBXBuildFile; fileRef = AC4A76684BAE4E2A871E3D0E /* Kanit-Light.ttf */; };
		D24E476B1E4346EAAF82977C /* Rubik-Regular.ttf in Resources */ = {isa = PBXBuildFile; fileRef = D18E2217070543DA928DA09D /* Rubik-Regular.ttf */; };
		D4A2F950CF5C45BDBEB156BA /* Rubik-BoldItalic.ttf in Resources */ = {isa = PBXBuildFile; fileRef = 1CE228B1F6E441058FBCAE88 /* Rubik-BoldItalic.ttf */; };
		D6B99F9AC8CE45DAB35AE77C /* Kanit-Medium.ttf in Resources */ = {isa = PBXBuildFile; fileRef = 16C94809AB7B486DB11CFF25 /* Kanit-Medium.ttf */; };
		D92DDD1D7E814C7B835FE9A2 /* Kanit-ExtraBold.ttf in Resources */ = {isa = PBXBuildFile; fileRef = E505C6FBDB9744538C1A59B3 /* Kanit-ExtraBold.ttf */; };
		DC20C75A25BB452F971A06CF /* Kanit-SemiBoldItalic.ttf in Resources */ = {isa = PBXBuildFile; fileRef = 89650F1C461945F79E2FDC87 /* Kanit-SemiBoldItalic.ttf */; };
		EB3068EA717040FC9BC35F7B /* Kanit-BoldItalic.ttf in Resources */ = {isa = PBXBuildFile; fileRef = DCDBD5BAF102449D9A07525F /* Kanit-BoldItalic.ttf */; };
		F0919738FCF684B52EF0C85B /* libPods-strobe_lite-strobe_liteTests.a in Frameworks */ = {isa = PBXBuildFile; fileRef = 28306BB8B3206A204BAC48CF /* libPods-strobe_lite-strobe_liteTests.a */; };
		F5225621AF4646888936E8D4 /* Rubik-LightItalic.ttf in Resources */ = {isa = PBXBuildFile; fileRef = 341733B8733C4D14802756C1 /* Rubik-LightItalic.ttf */; };
		F5656308F81246EFA60DA89F /* Kanit-Bold.ttf in Resources */ = {isa = PBXBuildFile; fileRef = CCC122D1275A434B8D0F3ABF /* Kanit-Bold.ttf */; };
/* End PBXBuildFile section */

/* Begin PBXContainerItemProxy section */
		00E356F41AD99517003FC87E /* PBXContainerItemProxy */ = {
			isa = PBXContainerItemProxy;
			containerPortal = 83CBB9F71A601CBA00E9B192 /* Project object */;
			proxyType = 1;
			remoteGlobalIDString = 13B07F861A680F5B00A75B9A;
			remoteInfo = strobe_lite;
		};
		2D02E4911E0B4A5D006451C7 /* PBXContainerItemProxy */ = {
			isa = PBXContainerItemProxy;
			containerPortal = 83CBB9F71A601CBA00E9B192 /* Project object */;
			proxyType = 1;
			remoteGlobalIDString = 2D02E47A1E0B4A5D006451C7;
			remoteInfo = "strobe_lite-tvOS";
		};
/* End PBXContainerItemProxy section */

/* Begin PBXFileReference section */
		008F07F21AC5B25A0029DE68 /* main.jsbundle */ = {isa = PBXFileReference; fileEncoding = 4; lastKnownFileType = text; path = main.jsbundle; sourceTree = "<group>"; };
		00E356EE1AD99517003FC87E /* strobe_liteTests.xctest */ = {isa = PBXFileReference; explicitFileType = wrapper.cfbundle; includeInIndex = 0; path = strobe_liteTests.xctest; sourceTree = BUILT_PRODUCTS_DIR; };
		00E356F11AD99517003FC87E /* Info.plist */ = {isa = PBXFileReference; lastKnownFileType = text.plist.xml; path = Info.plist; sourceTree = "<group>"; };
		00E356F21AD99517003FC87E /* strobe_liteTests.m */ = {isa = PBXFileReference; lastKnownFileType = sourcecode.c.objc; path = strobe_liteTests.m; sourceTree = "<group>"; };
		08DA6C5F96F8424ABD01A0CA /* Kanit-MediumItalic.ttf */ = {isa = PBXFileReference; explicitFileType = undefined; fileEncoding = 9; includeInIndex = 0; lastKnownFileType = unknown; name = "Kanit-MediumItalic.ttf"; path = "../assets/fonts/Kanit-MediumItalic.ttf"; sourceTree = "<group>"; };
		13B07F961A680F5B00A75B9A /* strobe_lite.app */ = {isa = PBXFileReference; explicitFileType = wrapper.application; includeInIndex = 0; path = strobe_lite.app; sourceTree = BUILT_PRODUCTS_DIR; };
		13B07FAF1A68108700A75B9A /* AppDelegate.h */ = {isa = PBXFileReference; fileEncoding = 4; lastKnownFileType = sourcecode.c.h; name = AppDelegate.h; path = strobe_lite/AppDelegate.h; sourceTree = "<group>"; };
		13B07FB01A68108700A75B9A /* AppDelegate.m */ = {isa = PBXFileReference; fileEncoding = 4; lastKnownFileType = sourcecode.c.objc; name = AppDelegate.m; path = strobe_lite/AppDelegate.m; sourceTree = "<group>"; };
		13B07FB51A68108700A75B9A /* Images.xcassets */ = {isa = PBXFileReference; lastKnownFileType = folder.assetcatalog; name = Images.xcassets; path = strobe_lite/Images.xcassets; sourceTree = "<group>"; };
		13B07FB61A68108700A75B9A /* Info.plist */ = {isa = PBXFileReference; fileEncoding = 4; lastKnownFileType = text.plist.xml; name = Info.plist; path = strobe_lite/Info.plist; sourceTree = "<group>"; };
		13B07FB71A68108700A75B9A /* main.m */ = {isa = PBXFileReference; fileEncoding = 4; lastKnownFileType = sourcecode.c.objc; name = main.m; path = strobe_lite/main.m; sourceTree = "<group>"; };
		16C94809AB7B486DB11CFF25 /* Kanit-Medium.ttf */ = {isa = PBXFileReference; explicitFileType = undefined; fileEncoding = 9; includeInIndex = 0; lastKnownFileType = unknown; name = "Kanit-Medium.ttf"; path = "../assets/fonts/Kanit-Medium.ttf"; sourceTree = "<group>"; };
		1C6ECF8567AD46DDAF26E684 /* Kanit-ExtraBoldItalic.ttf */ = {isa = PBXFileReference; explicitFileType = undefined; fileEncoding = 9; includeInIndex = 0; lastKnownFileType = unknown; name = "Kanit-ExtraBoldItalic.ttf"; path = "../assets/fonts/Kanit-ExtraBoldItalic.ttf"; sourceTree = "<group>"; };
		1CE228B1F6E441058FBCAE88 /* Rubik-BoldItalic.ttf */ = {isa = PBXFileReference; explicitFileType = undefined; fileEncoding = 9; includeInIndex = 0; lastKnownFileType = unknown; name = "Rubik-BoldItalic.ttf"; path = "../assets/fonts/Rubik-BoldItalic.ttf"; sourceTree = "<group>"; };
		23A2536E21B148DCBB639E0C /* Rubik-MediumItalic.ttf */ = {isa = PBXFileReference; explicitFileType = undefined; fileEncoding = 9; includeInIndex = 0; lastKnownFileType = unknown; name = "Rubik-MediumItalic.ttf"; path = "../assets/fonts/Rubik-MediumItalic.ttf"; sourceTree = "<group>"; };
		246D974D01344082A9322DE2 /* Rubik-Medium.ttf */ = {isa = PBXFileReference; explicitFileType = undefined; fileEncoding = 9; includeInIndex = 0; lastKnownFileType = unknown; name = "Rubik-Medium.ttf"; path = "../assets/fonts/Rubik-Medium.ttf"; sourceTree = "<group>"; };
		26EBDFAAC87246C8978080F4 /* Kanit-Thin.ttf */ = {isa = PBXFileReference; explicitFileType = undefined; fileEncoding = 9; includeInIndex = 0; lastKnownFileType = unknown; name = "Kanit-Thin.ttf"; path = "../assets/fonts/Kanit-Thin.ttf"; sourceTree = "<group>"; };
		28306BB8B3206A204BAC48CF /* libPods-strobe_lite-strobe_liteTests.a */ = {isa = PBXFileReference; explicitFileType = archive.ar; includeInIndex = 0; path = "libPods-strobe_lite-strobe_liteTests.a"; sourceTree = BUILT_PRODUCTS_DIR; };
		2C360AA7FA7D406F90D2DDF9 /* Kanit-Black.ttf */ = {isa = PBXFileReference; explicitFileType = undefined; fileEncoding = 9; includeInIndex = 0; lastKnownFileType = unknown; name = "Kanit-Black.ttf"; path = "../assets/fonts/Kanit-Black.ttf"; sourceTree = "<group>"; };
		2D02E47B1E0B4A5D006451C7 /* strobe_lite-tvOS.app */ = {isa = PBXFileReference; explicitFileType = wrapper.application; includeInIndex = 0; path = "strobe_lite-tvOS.app"; sourceTree = BUILT_PRODUCTS_DIR; };
		2D02E4901E0B4A5D006451C7 /* strobe_lite-tvOSTests.xctest */ = {isa = PBXFileReference; explicitFileType = wrapper.cfbundle; includeInIndex = 0; path = "strobe_lite-tvOSTests.xctest"; sourceTree = BUILT_PRODUCTS_DIR; };
		3151BEF6651FC0D250BFDBA0 /* libPods-strobe_lite-tvOSTests.a */ = {isa = PBXFileReference; explicitFileType = archive.ar; includeInIndex = 0; path = "libPods-strobe_lite-tvOSTests.a"; sourceTree = BUILT_PRODUCTS_DIR; };
		341733B8733C4D14802756C1 /* Rubik-LightItalic.ttf */ = {isa = PBXFileReference; explicitFileType = undefined; fileEncoding = 9; includeInIndex = 0; lastKnownFileType = unknown; name = "Rubik-LightItalic.ttf"; path = "../assets/fonts/Rubik-LightItalic.ttf"; sourceTree = "<group>"; };
		48437C3DCCD3A766BCFD2B74 /* Pods-strobe_lite.debug.xcconfig */ = {isa = PBXFileReference; includeInIndex = 1; lastKnownFileType = text.xcconfig; name = "Pods-strobe_lite.debug.xcconfig"; path = "Target Support Files/Pods-strobe_lite/Pods-strobe_lite.debug.xcconfig"; sourceTree = "<group>"; };
		48ACC9EE3D8FDBD390DEBFF5 /* Pods-strobe_lite-tvOSTests.release.xcconfig */ = {isa = PBXFileReference; includeInIndex = 1; lastKnownFileType = text.xcconfig; name = "Pods-strobe_lite-tvOSTests.release.xcconfig"; path = "Target Support Files/Pods-strobe_lite-tvOSTests/Pods-strobe_lite-tvOSTests.release.xcconfig"; sourceTree = "<group>"; };
		535F3827EA164B35A7C49BFD /* Rubik-Italic.ttf */ = {isa = PBXFileReference; explicitFileType = undefined; fileEncoding = 9; includeInIndex = 0; lastKnownFileType = unknown; name = "Rubik-Italic.ttf"; path = "../assets/fonts/Rubik-Italic.ttf"; sourceTree = "<group>"; };
		66B038974B6CC389B5944E6A /* libPods-strobe_lite.a */ = {isa = PBXFileReference; explicitFileType = archive.ar; includeInIndex = 0; path = "libPods-strobe_lite.a"; sourceTree = BUILT_PRODUCTS_DIR; };
		81AB9BB72411601600AC10FF /* LaunchScreen.storyboard */ = {isa = PBXFileReference; fileEncoding = 4; lastKnownFileType = file.storyboard; name = LaunchScreen.storyboard; path = strobe_lite/LaunchScreen.storyboard; sourceTree = "<group>"; };
		81D2AA03DB5141BA8DFE925E /* Kanit-ThinItalic.ttf */ = {isa = PBXFileReference; explicitFileType = undefined; fileEncoding = 9; includeInIndex = 0; lastKnownFileType = unknown; name = "Kanit-ThinItalic.ttf"; path = "../assets/fonts/Kanit-ThinItalic.ttf"; sourceTree = "<group>"; };
		89650F1C461945F79E2FDC87 /* Kanit-SemiBoldItalic.ttf */ = {isa = PBXFileReference; explicitFileType = undefined; fileEncoding = 9; includeInIndex = 0; lastKnownFileType = unknown; name = "Kanit-SemiBoldItalic.ttf"; path = "../assets/fonts/Kanit-SemiBoldItalic.ttf"; sourceTree = "<group>"; };
		8C8AE35865CD52E27ACF7547 /* Pods-strobe_lite-tvOSTests.debug.xcconfig */ = {isa = PBXFileReference; includeInIndex = 1; lastKnownFileType = text.xcconfig; name = "Pods-strobe_lite-tvOSTests.debug.xcconfig"; path = "Target Support Files/Pods-strobe_lite-tvOSTests/Pods-strobe_lite-tvOSTests.debug.xcconfig"; sourceTree = "<group>"; };
		92392A8D9BF41AE5B8357000 /* Pods-strobe_lite-strobe_liteTests.debug.xcconfig */ = {isa = PBXFileReference; includeInIndex = 1; lastKnownFileType = text.xcconfig; name = "Pods-strobe_lite-strobe_liteTests.debug.xcconfig"; path = "Target Support Files/Pods-strobe_lite-strobe_liteTests/Pods-strobe_lite-strobe_liteTests.debug.xcconfig"; sourceTree = "<group>"; };
		9511CE0F3F7B4845BDC47512 /* Kanit-BlackItalic.ttf */ = {isa = PBXFileReference; explicitFileType = undefined; fileEncoding = 9; includeInIndex = 0; lastKnownFileType = unknown; name = "Kanit-BlackItalic.ttf"; path = "../assets/fonts/Kanit-BlackItalic.ttf"; sourceTree = "<group>"; };
		9939E0E2A9C04A04BD9E0B25 /* Kanit-LightItalic.ttf */ = {isa = PBXFileReference; explicitFileType = undefined; fileEncoding = 9; includeInIndex = 0; lastKnownFileType = unknown; name = "Kanit-LightItalic.ttf"; path = "../assets/fonts/Kanit-LightItalic.ttf"; sourceTree = "<group>"; };
		9F6A874A20F54904813CFDCF /* Rubik-Light.ttf */ = {isa = PBXFileReference; explicitFileType = undefined; fileEncoding = 9; includeInIndex = 0; lastKnownFileType = unknown; name = "Rubik-Light.ttf"; path = "../assets/fonts/Rubik-Light.ttf"; sourceTree = "<group>"; };
		9FAFD228D1A24F1283063DE1 /* Kanit-Italic.ttf */ = {isa = PBXFileReference; explicitFileType = undefined; fileEncoding = 9; includeInIndex = 0; lastKnownFileType = unknown; name = "Kanit-Italic.ttf"; path = "../assets/fonts/Kanit-Italic.ttf"; sourceTree = "<group>"; };
		A5765A89671F46DD8FEFD00F /* Kanit-Regular.ttf */ = {isa = PBXFileReference; explicitFileType = undefined; fileEncoding = 9; includeInIndex = 0; lastKnownFileType = unknown; name = "Kanit-Regular.ttf"; path = "../assets/fonts/Kanit-Regular.ttf"; sourceTree = "<group>"; };
		A58D1177703E1BAEE3BE16F0 /* Pods-strobe_lite.release.xcconfig */ = {isa = PBXFileReference; includeInIndex = 1; lastKnownFileType = text.xcconfig; name = "Pods-strobe_lite.release.xcconfig"; path = "Target Support Files/Pods-strobe_lite/Pods-strobe_lite.release.xcconfig"; sourceTree = "<group>"; };
		AB92269CC2A3FF53F479F5CE /* Pods-strobe_lite-tvOS.debug.xcconfig */ = {isa = PBXFileReference; includeInIndex = 1; lastKnownFileType = text.xcconfig; name = "Pods-strobe_lite-tvOS.debug.xcconfig"; path = "Target Support Files/Pods-strobe_lite-tvOS/Pods-strobe_lite-tvOS.debug.xcconfig"; sourceTree = "<group>"; };
		AC4A76684BAE4E2A871E3D0E /* Kanit-Light.ttf */ = {isa = PBXFileReference; explicitFileType = undefined; fileEncoding = 9; includeInIndex = 0; lastKnownFileType = unknown; name = "Kanit-Light.ttf"; path = "../assets/fonts/Kanit-Light.ttf"; sourceTree = "<group>"; };
		B1DB1393C3154076BED31F4C /* Kanit-ExtraLight.ttf */ = {isa = PBXFileReference; explicitFileType = undefined; fileEncoding = 9; includeInIndex = 0; lastKnownFileType = unknown; name = "Kanit-ExtraLight.ttf"; path = "../assets/fonts/Kanit-ExtraLight.ttf"; sourceTree = "<group>"; };
		B1DB15C9A27B45E6A14B227E /* Kanit-ExtraLightItalic.ttf */ = {isa = PBXFileReference; explicitFileType = undefined; fileEncoding = 9; includeInIndex = 0; lastKnownFileType = unknown; name = "Kanit-ExtraLightItalic.ttf"; path = "../assets/fonts/Kanit-ExtraLightItalic.ttf"; sourceTree = "<group>"; };
		CCC122D1275A434B8D0F3ABF /* Kanit-Bold.ttf */ = {isa = PBXFileReference; explicitFileType = undefined; fileEncoding = 9; includeInIndex = 0; lastKnownFileType = unknown; name = "Kanit-Bold.ttf"; path = "../assets/fonts/Kanit-Bold.ttf"; sourceTree = "<group>"; };
		D16805DF957D421893B2D834 /* Rubik-Bold.ttf */ = {isa = PBXFileReference; explicitFileType = undefined; fileEncoding = 9; includeInIndex = 0; lastKnownFileType = unknown; name = "Rubik-Bold.ttf"; path = "../assets/fonts/Rubik-Bold.ttf"; sourceTree = "<group>"; };
		D18E2217070543DA928DA09D /* Rubik-Regular.ttf */ = {isa = PBXFileReference; explicitFileType = undefined; fileEncoding = 9; includeInIndex = 0; lastKnownFileType = unknown; name = "Rubik-Regular.ttf"; path = "../assets/fonts/Rubik-Regular.ttf"; sourceTree = "<group>"; };
		DCDBD5BAF102449D9A07525F /* Kanit-BoldItalic.ttf */ = {isa = PBXFileReference; explicitFileType = undefined; fileEncoding = 9; includeInIndex = 0; lastKnownFileType = unknown; name = "Kanit-BoldItalic.ttf"; path = "../assets/fonts/Kanit-BoldItalic.ttf"; sourceTree = "<group>"; };
		E25AF426FAA0454FAAE4CE58 /* Rubik-Black.ttf */ = {isa = PBXFileReference; explicitFileType = undefined; fileEncoding = 9; includeInIndex = 0; lastKnownFileType = unknown; name = "Rubik-Black.ttf"; path = "../assets/fonts/Rubik-Black.ttf"; sourceTree = "<group>"; };
		E27C2BE883FD455BA1D605DC /* Kanit-SemiBold.ttf */ = {isa = PBXFileReference; explicitFileType = undefined; fileEncoding = 9; includeInIndex = 0; lastKnownFileType = unknown; name = "Kanit-SemiBold.ttf"; path = "../assets/fonts/Kanit-SemiBold.ttf"; sourceTree = "<group>"; };
		E3938C8C8AB4D0F8985FF617 /* libPods-strobe_lite-tvOS.a */ = {isa = PBXFileReference; explicitFileType = archive.ar; includeInIndex = 0; path = "libPods-strobe_lite-tvOS.a"; sourceTree = BUILT_PRODUCTS_DIR; };
		E505C6FBDB9744538C1A59B3 /* Kanit-ExtraBold.ttf */ = {isa = PBXFileReference; explicitFileType = undefined; fileEncoding = 9; includeInIndex = 0; lastKnownFileType = unknown; name = "Kanit-ExtraBold.ttf"; path = "../assets/fonts/Kanit-ExtraBold.ttf"; sourceTree = "<group>"; };
		EA33596FDD784A9DAFCAE789 /* Rubik-BlackItalic.ttf */ = {isa = PBXFileReference; explicitFileType = undefined; fileEncoding = 9; includeInIndex = 0; lastKnownFileType = unknown; name = "Rubik-BlackItalic.ttf"; path = "../assets/fonts/Rubik-BlackItalic.ttf"; sourceTree = "<group>"; };
		ED297162215061F000B7C4FE /* JavaScriptCore.framework */ = {isa = PBXFileReference; lastKnownFileType = wrapper.framework; name = JavaScriptCore.framework; path = System/Library/Frameworks/JavaScriptCore.framework; sourceTree = SDKROOT; };
		ED2971642150620600B7C4FE /* JavaScriptCore.framework */ = {isa = PBXFileReference; lastKnownFileType = wrapper.framework; name = JavaScriptCore.framework; path = Platforms/AppleTVOS.platform/Developer/SDKs/AppleTVOS12.0.sdk/System/Library/Frameworks/JavaScriptCore.framework; sourceTree = DEVELOPER_DIR; };
		EF84708BB57A5C8D1B689CDF /* Pods-strobe_lite-strobe_liteTests.release.xcconfig */ = {isa = PBXFileReference; includeInIndex = 1; lastKnownFileType = text.xcconfig; name = "Pods-strobe_lite-strobe_liteTests.release.xcconfig"; path = "Target Support Files/Pods-strobe_lite-strobe_liteTests/Pods-strobe_lite-strobe_liteTests.release.xcconfig"; sourceTree = "<group>"; };
		F03F6EA462E0CE7B896D92C9 /* Pods-strobe_lite-tvOS.release.xcconfig */ = {isa = PBXFileReference; includeInIndex = 1; lastKnownFileType = text.xcconfig; name = "Pods-strobe_lite-tvOS.release.xcconfig"; path = "Target Support Files/Pods-strobe_lite-tvOS/Pods-strobe_lite-tvOS.release.xcconfig"; sourceTree = "<group>"; };
/* End PBXFileReference section */

/* Begin PBXFrameworksBuildPhase section */
		00E356EB1AD99517003FC87E /* Frameworks */ = {
			isa = PBXFrameworksBuildPhase;
			buildActionMask = 2147483647;
			files = (
				F0919738FCF684B52EF0C85B /* libPods-strobe_lite-strobe_liteTests.a in Frameworks */,
			);
			runOnlyForDeploymentPostprocessing = 0;
		};
		13B07F8C1A680F5B00A75B9A /* Frameworks */ = {
			isa = PBXFrameworksBuildPhase;
			buildActionMask = 2147483647;
			files = (
				58B1A7B874B698955953ACCE /* libPods-strobe_lite.a in Frameworks */,
			);
			runOnlyForDeploymentPostprocessing = 0;
		};
		2D02E4781E0B4A5D006451C7 /* Frameworks */ = {
			isa = PBXFrameworksBuildPhase;
			buildActionMask = 2147483647;
			files = (
				9B01CFDEE290B1572CBE7477 /* libPods-strobe_lite-tvOS.a in Frameworks */,
			);
			runOnlyForDeploymentPostprocessing = 0;
		};
		2D02E48D1E0B4A5D006451C7 /* Frameworks */ = {
			isa = PBXFrameworksBuildPhase;
			buildActionMask = 2147483647;
			files = (
				72FCDAC33077A62106B1E4A3 /* libPods-strobe_lite-tvOSTests.a in Frameworks */,
			);
			runOnlyForDeploymentPostprocessing = 0;
		};
/* End PBXFrameworksBuildPhase section */

/* Begin PBXGroup section */
		00E356EF1AD99517003FC87E /* strobe_liteTests */ = {
			isa = PBXGroup;
			children = (
				00E356F21AD99517003FC87E /* strobe_liteTests.m */,
				00E356F01AD99517003FC87E /* Supporting Files */,
			);
			path = strobe_liteTests;
			sourceTree = "<group>";
		};
		00E356F01AD99517003FC87E /* Supporting Files */ = {
			isa = PBXGroup;
			children = (
				00E356F11AD99517003FC87E /* Info.plist */,
			);
			name = "Supporting Files";
			sourceTree = "<group>";
		};
		13B07FAE1A68108700A75B9A /* strobe_lite */ = {
			isa = PBXGroup;
			children = (
				008F07F21AC5B25A0029DE68 /* main.jsbundle */,
				13B07FAF1A68108700A75B9A /* AppDelegate.h */,
				13B07FB01A68108700A75B9A /* AppDelegate.m */,
				13B07FB51A68108700A75B9A /* Images.xcassets */,
				13B07FB61A68108700A75B9A /* Info.plist */,
				81AB9BB72411601600AC10FF /* LaunchScreen.storyboard */,
				13B07FB71A68108700A75B9A /* main.m */,
			);
			name = strobe_lite;
			sourceTree = "<group>";
		};
		2D16E6871FA4F8E400B85C8A /* Frameworks */ = {
			isa = PBXGroup;
			children = (
				ED297162215061F000B7C4FE /* JavaScriptCore.framework */,
				ED2971642150620600B7C4FE /* JavaScriptCore.framework */,
				66B038974B6CC389B5944E6A /* libPods-strobe_lite.a */,
				28306BB8B3206A204BAC48CF /* libPods-strobe_lite-strobe_liteTests.a */,
				E3938C8C8AB4D0F8985FF617 /* libPods-strobe_lite-tvOS.a */,
				3151BEF6651FC0D250BFDBA0 /* libPods-strobe_lite-tvOSTests.a */,
			);
			name = Frameworks;
			sourceTree = "<group>";
		};
		832341AE1AAA6A7D00B99B32 /* Libraries */ = {
			isa = PBXGroup;
			children = (
			);
			name = Libraries;
			sourceTree = "<group>";
		};
		83CBB9F61A601CBA00E9B192 = {
			isa = PBXGroup;
			children = (
				13B07FAE1A68108700A75B9A /* strobe_lite */,
				832341AE1AAA6A7D00B99B32 /* Libraries */,
				00E356EF1AD99517003FC87E /* strobe_liteTests */,
				83CBBA001A601CBA00E9B192 /* Products */,
				2D16E6871FA4F8E400B85C8A /* Frameworks */,
				BBE8BBB606EC74957572213C /* Pods */,
				90197A320E9A4F82AA16A4B7 /* Resources */,
			);
			indentWidth = 2;
			sourceTree = "<group>";
			tabWidth = 2;
			usesTabs = 0;
		};
		83CBBA001A601CBA00E9B192 /* Products */ = {
			isa = PBXGroup;
			children = (
				13B07F961A680F5B00A75B9A /* strobe_lite.app */,
				00E356EE1AD99517003FC87E /* strobe_liteTests.xctest */,
				2D02E47B1E0B4A5D006451C7 /* strobe_lite-tvOS.app */,
				2D02E4901E0B4A5D006451C7 /* strobe_lite-tvOSTests.xctest */,
			);
			name = Products;
			sourceTree = "<group>";
		};
		90197A320E9A4F82AA16A4B7 /* Resources */ = {
			isa = PBXGroup;
			children = (
				2C360AA7FA7D406F90D2DDF9 /* Kanit-Black.ttf */,
				9511CE0F3F7B4845BDC47512 /* Kanit-BlackItalic.ttf */,
				CCC122D1275A434B8D0F3ABF /* Kanit-Bold.ttf */,
				DCDBD5BAF102449D9A07525F /* Kanit-BoldItalic.ttf */,
				E505C6FBDB9744538C1A59B3 /* Kanit-ExtraBold.ttf */,
				1C6ECF8567AD46DDAF26E684 /* Kanit-ExtraBoldItalic.ttf */,
				B1DB1393C3154076BED31F4C /* Kanit-ExtraLight.ttf */,
				B1DB15C9A27B45E6A14B227E /* Kanit-ExtraLightItalic.ttf */,
				9FAFD228D1A24F1283063DE1 /* Kanit-Italic.ttf */,
				AC4A76684BAE4E2A871E3D0E /* Kanit-Light.ttf */,
				9939E0E2A9C04A04BD9E0B25 /* Kanit-LightItalic.ttf */,
				16C94809AB7B486DB11CFF25 /* Kanit-Medium.ttf */,
				08DA6C5F96F8424ABD01A0CA /* Kanit-MediumItalic.ttf */,
				A5765A89671F46DD8FEFD00F /* Kanit-Regular.ttf */,
				E27C2BE883FD455BA1D605DC /* Kanit-SemiBold.ttf */,
				89650F1C461945F79E2FDC87 /* Kanit-SemiBoldItalic.ttf */,
				26EBDFAAC87246C8978080F4 /* Kanit-Thin.ttf */,
				81D2AA03DB5141BA8DFE925E /* Kanit-ThinItalic.ttf */,
				E25AF426FAA0454FAAE4CE58 /* Rubik-Black.ttf */,
				EA33596FDD784A9DAFCAE789 /* Rubik-BlackItalic.ttf */,
				D16805DF957D421893B2D834 /* Rubik-Bold.ttf */,
				1CE228B1F6E441058FBCAE88 /* Rubik-BoldItalic.ttf */,
				535F3827EA164B35A7C49BFD /* Rubik-Italic.ttf */,
				9F6A874A20F54904813CFDCF /* Rubik-Light.ttf */,
				341733B8733C4D14802756C1 /* Rubik-LightItalic.ttf */,
				246D974D01344082A9322DE2 /* Rubik-Medium.ttf */,
				23A2536E21B148DCBB639E0C /* Rubik-MediumItalic.ttf */,
				D18E2217070543DA928DA09D /* Rubik-Regular.ttf */,
			);
			name = Resources;
			sourceTree = "<group>";
		};
		BBE8BBB606EC74957572213C /* Pods */ = {
			isa = PBXGroup;
			children = (
				48437C3DCCD3A766BCFD2B74 /* Pods-strobe_lite.debug.xcconfig */,
				A58D1177703E1BAEE3BE16F0 /* Pods-strobe_lite.release.xcconfig */,
				92392A8D9BF41AE5B8357000 /* Pods-strobe_lite-strobe_liteTests.debug.xcconfig */,
				EF84708BB57A5C8D1B689CDF /* Pods-strobe_lite-strobe_liteTests.release.xcconfig */,
				AB92269CC2A3FF53F479F5CE /* Pods-strobe_lite-tvOS.debug.xcconfig */,
				F03F6EA462E0CE7B896D92C9 /* Pods-strobe_lite-tvOS.release.xcconfig */,
				8C8AE35865CD52E27ACF7547 /* Pods-strobe_lite-tvOSTests.debug.xcconfig */,
				48ACC9EE3D8FDBD390DEBFF5 /* Pods-strobe_lite-tvOSTests.release.xcconfig */,
			);
			path = Pods;
			sourceTree = "<group>";
		};
/* End PBXGroup section */

/* Begin PBXNativeTarget section */
		00E356ED1AD99517003FC87E /* strobe_liteTests */ = {
			isa = PBXNativeTarget;
			buildConfigurationList = 00E357021AD99517003FC87E /* Build configuration list for PBXNativeTarget "strobe_liteTests" */;
			buildPhases = (
				3886F796C3D43D19E3A471A9 /* [CP] Check Pods Manifest.lock */,
				00E356EA1AD99517003FC87E /* Sources */,
				00E356EB1AD99517003FC87E /* Frameworks */,
				00E356EC1AD99517003FC87E /* Resources */,
				3BFBF653BE78AAD45635AE4D /* [CP] Copy Pods Resources */,
			);
			buildRules = (
			);
			dependencies = (
				00E356F51AD99517003FC87E /* PBXTargetDependency */,
			);
			name = strobe_liteTests;
			productName = strobe_liteTests;
			productReference = 00E356EE1AD99517003FC87E /* strobe_liteTests.xctest */;
			productType = "com.apple.product-type.bundle.unit-test";
		};
		13B07F861A680F5B00A75B9A /* strobe_lite */ = {
			isa = PBXNativeTarget;
			buildConfigurationList = 13B07F931A680F5B00A75B9A /* Build configuration list for PBXNativeTarget "strobe_lite" */;
			buildPhases = (
				6FBDBD016BC9510E2DFD1864 /* [CP] Check Pods Manifest.lock */,
				FD10A7F022414F080027D42C /* Start Packager */,
				13B07F871A680F5B00A75B9A /* Sources */,
				13B07F8C1A680F5B00A75B9A /* Frameworks */,
				13B07F8E1A680F5B00A75B9A /* Resources */,
				00DD1BFF1BD5951E006B06BC /* Bundle React Native code and images */,
				037A1BB1336C892F6F032305 /* [CP] Copy Pods Resources */,
			);
			buildRules = (
			);
			dependencies = (
			);
			name = strobe_lite;
			productName = strobe_lite;
			productReference = 13B07F961A680F5B00A75B9A /* strobe_lite.app */;
			productType = "com.apple.product-type.application";
		};
		2D02E47A1E0B4A5D006451C7 /* strobe_lite-tvOS */ = {
			isa = PBXNativeTarget;
			buildConfigurationList = 2D02E4BA1E0B4A5E006451C7 /* Build configuration list for PBXNativeTarget "strobe_lite-tvOS" */;
			buildPhases = (
				43573AFF265FC9EA03CB241B /* [CP] Check Pods Manifest.lock */,
				FD10A7F122414F3F0027D42C /* Start Packager */,
				2D02E4771E0B4A5D006451C7 /* Sources */,
				2D02E4781E0B4A5D006451C7 /* Frameworks */,
				2D02E4791E0B4A5D006451C7 /* Resources */,
				2D02E4CB1E0B4B27006451C7 /* Bundle React Native Code And Images */,
			);
			buildRules = (
			);
			dependencies = (
			);
			name = "strobe_lite-tvOS";
			productName = "strobe_lite-tvOS";
			productReference = 2D02E47B1E0B4A5D006451C7 /* strobe_lite-tvOS.app */;
			productType = "com.apple.product-type.application";
		};
		2D02E48F1E0B4A5D006451C7 /* strobe_lite-tvOSTests */ = {
			isa = PBXNativeTarget;
			buildConfigurationList = 2D02E4BB1E0B4A5E006451C7 /* Build configuration list for PBXNativeTarget "strobe_lite-tvOSTests" */;
			buildPhases = (
				8805651FEF9F22E2B9D08F64 /* [CP] Check Pods Manifest.lock */,
				2D02E48C1E0B4A5D006451C7 /* Sources */,
				2D02E48D1E0B4A5D006451C7 /* Frameworks */,
				2D02E48E1E0B4A5D006451C7 /* Resources */,
			);
			buildRules = (
			);
			dependencies = (
				2D02E4921E0B4A5D006451C7 /* PBXTargetDependency */,
			);
			name = "strobe_lite-tvOSTests";
			productName = "strobe_lite-tvOSTests";
			productReference = 2D02E4901E0B4A5D006451C7 /* strobe_lite-tvOSTests.xctest */;
			productType = "com.apple.product-type.bundle.unit-test";
		};
/* End PBXNativeTarget section */

/* Begin PBXProject section */
		83CBB9F71A601CBA00E9B192 /* Project object */ = {
			isa = PBXProject;
			attributes = {
				LastUpgradeCheck = 1130;
				TargetAttributes = {
					00E356ED1AD99517003FC87E = {
						CreatedOnToolsVersion = 6.2;
						TestTargetID = 13B07F861A680F5B00A75B9A;
					};
					13B07F861A680F5B00A75B9A = {
						DevelopmentTeam = 689K2GRM8A;
						LastSwiftMigration = 1120;
					};
					2D02E47A1E0B4A5D006451C7 = {
						CreatedOnToolsVersion = 8.2.1;
						ProvisioningStyle = Automatic;
					};
					2D02E48F1E0B4A5D006451C7 = {
						CreatedOnToolsVersion = 8.2.1;
						ProvisioningStyle = Automatic;
						TestTargetID = 2D02E47A1E0B4A5D006451C7;
					};
				};
			};
			buildConfigurationList = 83CBB9FA1A601CBA00E9B192 /* Build configuration list for PBXProject "strobe_lite" */;
			compatibilityVersion = "Xcode 3.2";
			developmentRegion = en;
			hasScannedForEncodings = 0;
			knownRegions = (
				en,
				Base,
			);
			mainGroup = 83CBB9F61A601CBA00E9B192;
			productRefGroup = 83CBBA001A601CBA00E9B192 /* Products */;
			projectDirPath = "";
			projectRoot = "";
			targets = (
				13B07F861A680F5B00A75B9A /* strobe_lite */,
				00E356ED1AD99517003FC87E /* strobe_liteTests */,
				2D02E47A1E0B4A5D006451C7 /* strobe_lite-tvOS */,
				2D02E48F1E0B4A5D006451C7 /* strobe_lite-tvOSTests */,
			);
		};
/* End PBXProject section */

/* Begin PBXResourcesBuildPhase section */
		00E356EC1AD99517003FC87E /* Resources */ = {
			isa = PBXResourcesBuildPhase;
			buildActionMask = 2147483647;
			files = (
			);
			runOnlyForDeploymentPostprocessing = 0;
		};
		13B07F8E1A680F5B00A75B9A /* Resources */ = {
			isa = PBXResourcesBuildPhase;
			buildActionMask = 2147483647;
			files = (
				81AB9BB82411601600AC10FF /* LaunchScreen.storyboard in Resources */,
				13B07FBF1A68108700A75B9A /* Images.xcassets in Resources */,
				54DFE9F211F140E6B60563D2 /* Kanit-Black.ttf in Resources */,
				1BFBE20785A0459F8287F805 /* Kanit-BlackItalic.ttf in Resources */,
				F5656308F81246EFA60DA89F /* Kanit-Bold.ttf in Resources */,
				EB3068EA717040FC9BC35F7B /* Kanit-BoldItalic.ttf in Resources */,
				D92DDD1D7E814C7B835FE9A2 /* Kanit-ExtraBold.ttf in Resources */,
				884403664ED94E8F911EBC02 /* Kanit-ExtraBoldItalic.ttf in Resources */,
				5C8A540ECA4348D7B0321A0E /* Kanit-ExtraLight.ttf in Resources */,
				4D13774207E64D4B9ED27EED /* Kanit-ExtraLightItalic.ttf in Resources */,
				5877068A43444628B8FD84A5 /* Kanit-Italic.ttf in Resources */,
				B15970474F604AD1AA065E31 /* Kanit-Light.ttf in Resources */,
				2C62F49B88F945A9B3B80F44 /* Kanit-LightItalic.ttf in Resources */,
				D6B99F9AC8CE45DAB35AE77C /* Kanit-Medium.ttf in Resources */,
				04B958EC3F614E688076FC99 /* Kanit-MediumItalic.ttf in Resources */,
				41EAFB98040E4D5DA91DCE8B /* Kanit-Regular.ttf in Resources */,
				340C6D753BE54C1DBEA74318 /* Kanit-SemiBold.ttf in Resources */,
				DC20C75A25BB452F971A06CF /* Kanit-SemiBoldItalic.ttf in Resources */,
				52B9CA3D337C4C80BD2299B3 /* Kanit-Thin.ttf in Resources */,
				378D30A27BAA4272B1BDFB9E /* Kanit-ThinItalic.ttf in Resources */,
				0943B37EEE4845A0A9EC1D45 /* Rubik-Black.ttf in Resources */,
				8ACFDA1D7185436B92D273DE /* Rubik-BlackItalic.ttf in Resources */,
				AD9EAA7223544C16AE9F440E /* Rubik-Bold.ttf in Resources */,
				D4A2F950CF5C45BDBEB156BA /* Rubik-BoldItalic.ttf in Resources */,
				12B2E63B4E7A410F864D0BD0 /* Rubik-Italic.ttf in Resources */,
				5DD3EACA2E644057AEC19709 /* Rubik-Light.ttf in Resources */,
				F5225621AF4646888936E8D4 /* Rubik-LightItalic.ttf in Resources */,
				6945279F880347D785B38EE0 /* Rubik-Medium.ttf in Resources */,
				99DE78ECA9144E70BBB2A587 /* Rubik-MediumItalic.ttf in Resources */,
				D24E476B1E4346EAAF82977C /* Rubik-Regular.ttf in Resources */,
			);
			runOnlyForDeploymentPostprocessing = 0;
		};
		2D02E4791E0B4A5D006451C7 /* Resources */ = {
			isa = PBXResourcesBuildPhase;
			buildActionMask = 2147483647;
			files = (
				2D02E4BD1E0B4A84006451C7 /* Images.xcassets in Resources */,
			);
			runOnlyForDeploymentPostprocessing = 0;
		};
		2D02E48E1E0B4A5D006451C7 /* Resources */ = {
			isa = PBXResourcesBuildPhase;
			buildActionMask = 2147483647;
			files = (
			);
			runOnlyForDeploymentPostprocessing = 0;
		};
/* End PBXResourcesBuildPhase section */

/* Begin PBXShellScriptBuildPhase section */
		00DD1BFF1BD5951E006B06BC /* Bundle React Native code and images */ = {
			isa = PBXShellScriptBuildPhase;
			buildActionMask = 2147483647;
			files = (
			);
			inputPaths = (
			);
			name = "Bundle React Native code and images";
			outputPaths = (
			);
			runOnlyForDeploymentPostprocessing = 0;
			shellPath = /bin/sh;
			shellScript = "export NODE_BINARY=node\n../node_modules/react-native/scripts/react-native-xcode.sh";
		};
		037A1BB1336C892F6F032305 /* [CP] Copy Pods Resources */ = {
			isa = PBXShellScriptBuildPhase;
			buildActionMask = 2147483647;
			files = (
			);
			inputPaths = (
				"${PODS_ROOT}/Target Support Files/Pods-strobe_lite/Pods-strobe_lite-resources.sh",
				"${PODS_CONFIGURATION_BUILD_DIR}/React-Core/AccessibilityResources.bundle",
			);
			name = "[CP] Copy Pods Resources";
			outputPaths = (
				"${TARGET_BUILD_DIR}/${UNLOCALIZED_RESOURCES_FOLDER_PATH}/AccessibilityResources.bundle",
			);
			runOnlyForDeploymentPostprocessing = 0;
			shellPath = /bin/sh;
			shellScript = "\"${PODS_ROOT}/Target Support Files/Pods-strobe_lite/Pods-strobe_lite-resources.sh\"\n";
			showEnvVarsInLog = 0;
		};
		2D02E4CB1E0B4B27006451C7 /* Bundle React Native Code And Images */ = {
			isa = PBXShellScriptBuildPhase;
			buildActionMask = 2147483647;
			files = (
			);
			inputPaths = (
			);
			name = "Bundle React Native Code And Images";
			outputPaths = (
			);
			runOnlyForDeploymentPostprocessing = 0;
			shellPath = /bin/sh;
			shellScript = "export NODE_BINARY=node\n../node_modules/react-native/scripts/react-native-xcode.sh";
		};
		3886F796C3D43D19E3A471A9 /* [CP] Check Pods Manifest.lock */ = {
			isa = PBXShellScriptBuildPhase;
			buildActionMask = 2147483647;
			files = (
			);
			inputFileListPaths = (
			);
			inputPaths = (
				"${PODS_PODFILE_DIR_PATH}/Podfile.lock",
				"${PODS_ROOT}/Manifest.lock",
			);
			name = "[CP] Check Pods Manifest.lock";
			outputFileListPaths = (
			);
			outputPaths = (
				"$(DERIVED_FILE_DIR)/Pods-strobe_lite-strobe_liteTests-checkManifestLockResult.txt",
			);
			runOnlyForDeploymentPostprocessing = 0;
			shellPath = /bin/sh;
			shellScript = "diff \"${PODS_PODFILE_DIR_PATH}/Podfile.lock\" \"${PODS_ROOT}/Manifest.lock\" > /dev/null\nif [ $? != 0 ] ; then\n    # print error to STDERR\n    echo \"error: The sandbox is not in sync with the Podfile.lock. Run 'pod install' or update your CocoaPods installation.\" >&2\n    exit 1\nfi\n# This output is used by Xcode 'outputs' to avoid re-running this script phase.\necho \"SUCCESS\" > \"${SCRIPT_OUTPUT_FILE_0}\"\n";
			showEnvVarsInLog = 0;
		};
		3BFBF653BE78AAD45635AE4D /* [CP] Copy Pods Resources */ = {
			isa = PBXShellScriptBuildPhase;
			buildActionMask = 2147483647;
			files = (
			);
			inputPaths = (
				"${PODS_ROOT}/Target Support Files/Pods-strobe_lite-strobe_liteTests/Pods-strobe_lite-strobe_liteTests-resources.sh",
				"${PODS_CONFIGURATION_BUILD_DIR}/React-Core/AccessibilityResources.bundle",
			);
			name = "[CP] Copy Pods Resources";
			outputPaths = (
				"${TARGET_BUILD_DIR}/${UNLOCALIZED_RESOURCES_FOLDER_PATH}/AccessibilityResources.bundle",
			);
			runOnlyForDeploymentPostprocessing = 0;
			shellPath = /bin/sh;
			shellScript = "\"${PODS_ROOT}/Target Support Files/Pods-strobe_lite-strobe_liteTests/Pods-strobe_lite-strobe_liteTests-resources.sh\"\n";
			showEnvVarsInLog = 0;
		};
		43573AFF265FC9EA03CB241B /* [CP] Check Pods Manifest.lock */ = {
			isa = PBXShellScriptBuildPhase;
			buildActionMask = 2147483647;
			files = (
			);
			inputFileListPaths = (
			);
			inputPaths = (
				"${PODS_PODFILE_DIR_PATH}/Podfile.lock",
				"${PODS_ROOT}/Manifest.lock",
			);
			name = "[CP] Check Pods Manifest.lock";
			outputFileListPaths = (
			);
			outputPaths = (
				"$(DERIVED_FILE_DIR)/Pods-strobe_lite-tvOS-checkManifestLockResult.txt",
			);
			runOnlyForDeploymentPostprocessing = 0;
			shellPath = /bin/sh;
			shellScript = "diff \"${PODS_PODFILE_DIR_PATH}/Podfile.lock\" \"${PODS_ROOT}/Manifest.lock\" > /dev/null\nif [ $? != 0 ] ; then\n    # print error to STDERR\n    echo \"error: The sandbox is not in sync with the Podfile.lock. Run 'pod install' or update your CocoaPods installation.\" >&2\n    exit 1\nfi\n# This output is used by Xcode 'outputs' to avoid re-running this script phase.\necho \"SUCCESS\" > \"${SCRIPT_OUTPUT_FILE_0}\"\n";
			showEnvVarsInLog = 0;
		};
		6FBDBD016BC9510E2DFD1864 /* [CP] Check Pods Manifest.lock */ = {
			isa = PBXShellScriptBuildPhase;
			buildActionMask = 2147483647;
			files = (
			);
			inputFileListPaths = (
			);
			inputPaths = (
				"${PODS_PODFILE_DIR_PATH}/Podfile.lock",
				"${PODS_ROOT}/Manifest.lock",
			);
			name = "[CP] Check Pods Manifest.lock";
			outputFileListPaths = (
			);
			outputPaths = (
				"$(DERIVED_FILE_DIR)/Pods-strobe_lite-checkManifestLockResult.txt",
			);
			runOnlyForDeploymentPostprocessing = 0;
			shellPath = /bin/sh;
			shellScript = "diff \"${PODS_PODFILE_DIR_PATH}/Podfile.lock\" \"${PODS_ROOT}/Manifest.lock\" > /dev/null\nif [ $? != 0 ] ; then\n    # print error to STDERR\n    echo \"error: The sandbox is not in sync with the Podfile.lock. Run 'pod install' or update your CocoaPods installation.\" >&2\n    exit 1\nfi\n# This output is used by Xcode 'outputs' to avoid re-running this script phase.\necho \"SUCCESS\" > \"${SCRIPT_OUTPUT_FILE_0}\"\n";
			showEnvVarsInLog = 0;
		};
		8805651FEF9F22E2B9D08F64 /* [CP] Check Pods Manifest.lock */ = {
			isa = PBXShellScriptBuildPhase;
			buildActionMask = 2147483647;
			files = (
			);
			inputFileListPaths = (
			);
			inputPaths = (
				"${PODS_PODFILE_DIR_PATH}/Podfile.lock",
				"${PODS_ROOT}/Manifest.lock",
			);
			name = "[CP] Check Pods Manifest.lock";
			outputFileListPaths = (
			);
			outputPaths = (
				"$(DERIVED_FILE_DIR)/Pods-strobe_lite-tvOSTests-checkManifestLockResult.txt",
			);
			runOnlyForDeploymentPostprocessing = 0;
			shellPath = /bin/sh;
			shellScript = "diff \"${PODS_PODFILE_DIR_PATH}/Podfile.lock\" \"${PODS_ROOT}/Manifest.lock\" > /dev/null\nif [ $? != 0 ] ; then\n    # print error to STDERR\n    echo \"error: The sandbox is not in sync with the Podfile.lock. Run 'pod install' or update your CocoaPods installation.\" >&2\n    exit 1\nfi\n# This output is used by Xcode 'outputs' to avoid re-running this script phase.\necho \"SUCCESS\" > \"${SCRIPT_OUTPUT_FILE_0}\"\n";
			showEnvVarsInLog = 0;
		};
		FD10A7F022414F080027D42C /* Start Packager */ = {
			isa = PBXShellScriptBuildPhase;
			buildActionMask = 2147483647;
			files = (
			);
			inputFileListPaths = (
			);
			inputPaths = (
			);
			name = "Start Packager";
			outputFileListPaths = (
			);
			outputPaths = (
			);
			runOnlyForDeploymentPostprocessing = 0;
			shellPath = /bin/sh;
			shellScript = "export RCT_METRO_PORT=\"${RCT_METRO_PORT:=8081}\"\necho \"export RCT_METRO_PORT=${RCT_METRO_PORT}\" > \"${SRCROOT}/../node_modules/react-native/scripts/.packager.env\"\nif [ -z \"${RCT_NO_LAUNCH_PACKAGER+xxx}\" ] ; then\n  if nc -w 5 -z localhost ${RCT_METRO_PORT} ; then\n    if ! curl -s \"http://localhost:${RCT_METRO_PORT}/status\" | grep -q \"packager-status:running\" ; then\n      echo \"Port ${RCT_METRO_PORT} already in use, packager is either not running or not running correctly\"\n      exit 2\n    fi\n  else\n    open \"$SRCROOT/../node_modules/react-native/scripts/launchPackager.command\" || echo \"Can't start packager automatically\"\n  fi\nfi\n";
			showEnvVarsInLog = 0;
		};
		FD10A7F122414F3F0027D42C /* Start Packager */ = {
			isa = PBXShellScriptBuildPhase;
			buildActionMask = 2147483647;
			files = (
			);
			inputFileListPaths = (
			);
			inputPaths = (
			);
			name = "Start Packager";
			outputFileListPaths = (
			);
			outputPaths = (
			);
			runOnlyForDeploymentPostprocessing = 0;
			shellPath = /bin/sh;
			shellScript = "export RCT_METRO_PORT=\"${RCT_METRO_PORT:=8081}\"\necho \"export RCT_METRO_PORT=${RCT_METRO_PORT}\" > \"${SRCROOT}/../node_modules/react-native/scripts/.packager.env\"\nif [ -z \"${RCT_NO_LAUNCH_PACKAGER+xxx}\" ] ; then\n  if nc -w 5 -z localhost ${RCT_METRO_PORT} ; then\n    if ! curl -s \"http://localhost:${RCT_METRO_PORT}/status\" | grep -q \"packager-status:running\" ; then\n      echo \"Port ${RCT_METRO_PORT} already in use, packager is either not running or not running correctly\"\n      exit 2\n    fi\n  else\n    open \"$SRCROOT/../node_modules/react-native/scripts/launchPackager.command\" || echo \"Can't start packager automatically\"\n  fi\nfi\n";
			showEnvVarsInLog = 0;
		};
/* End PBXShellScriptBuildPhase section */

/* Begin PBXSourcesBuildPhase section */
		00E356EA1AD99517003FC87E /* Sources */ = {
			isa = PBXSourcesBuildPhase;
			buildActionMask = 2147483647;
			files = (
				00E356F31AD99517003FC87E /* strobe_liteTests.m in Sources */,
			);
			runOnlyForDeploymentPostprocessing = 0;
		};
		13B07F871A680F5B00A75B9A /* Sources */ = {
			isa = PBXSourcesBuildPhase;
			buildActionMask = 2147483647;
			files = (
				13B07FBC1A68108700A75B9A /* AppDelegate.m in Sources */,
				13B07FC11A68108700A75B9A /* main.m in Sources */,
			);
			runOnlyForDeploymentPostprocessing = 0;
		};
		2D02E4771E0B4A5D006451C7 /* Sources */ = {
			isa = PBXSourcesBuildPhase;
			buildActionMask = 2147483647;
			files = (
				2D02E4BF1E0B4AB3006451C7 /* main.m in Sources */,
				2D02E4BC1E0B4A80006451C7 /* AppDelegate.m in Sources */,
			);
			runOnlyForDeploymentPostprocessing = 0;
		};
		2D02E48C1E0B4A5D006451C7 /* Sources */ = {
			isa = PBXSourcesBuildPhase;
			buildActionMask = 2147483647;
			files = (
				2DCD954D1E0B4F2C00145EB5 /* strobe_liteTests.m in Sources */,
			);
			runOnlyForDeploymentPostprocessing = 0;
		};
/* End PBXSourcesBuildPhase section */

/* Begin PBXTargetDependency section */
		00E356F51AD99517003FC87E /* PBXTargetDependency */ = {
			isa = PBXTargetDependency;
			target = 13B07F861A680F5B00A75B9A /* strobe_lite */;
			targetProxy = 00E356F41AD99517003FC87E /* PBXContainerItemProxy */;
		};
		2D02E4921E0B4A5D006451C7 /* PBXTargetDependency */ = {
			isa = PBXTargetDependency;
			target = 2D02E47A1E0B4A5D006451C7 /* strobe_lite-tvOS */;
			targetProxy = 2D02E4911E0B4A5D006451C7 /* PBXContainerItemProxy */;
		};
/* End PBXTargetDependency section */

/* Begin XCBuildConfiguration section */
		00E356F61AD99517003FC87E /* Debug */ = {
			isa = XCBuildConfiguration;
			baseConfigurationReference = 92392A8D9BF41AE5B8357000 /* Pods-strobe_lite-strobe_liteTests.debug.xcconfig */;
			buildSettings = {
				BUNDLE_LOADER = "$(TEST_HOST)";
				GCC_PREPROCESSOR_DEFINITIONS = (
					"DEBUG=1",
					"$(inherited)",
				);
				INFOPLIST_FILE = strobe_liteTests/Info.plist;
				IPHONEOS_DEPLOYMENT_TARGET = 10.0;
				LD_RUNPATH_SEARCH_PATHS = "$(inherited) @executable_path/Frameworks @loader_path/Frameworks";
				OTHER_LDFLAGS = (
					"-ObjC",
					"-lc++",
					"$(inherited)",
				);
				PRODUCT_BUNDLE_IDENTIFIER = "org.reactjs.native.example.$(PRODUCT_NAME:rfc1034identifier)";
				PRODUCT_NAME = "$(TARGET_NAME)";
				TEST_HOST = "$(BUILT_PRODUCTS_DIR)/strobe_lite.app/strobe_lite";
			};
			name = Debug;
		};
		00E356F71AD99517003FC87E /* Release */ = {
			isa = XCBuildConfiguration;
			baseConfigurationReference = EF84708BB57A5C8D1B689CDF /* Pods-strobe_lite-strobe_liteTests.release.xcconfig */;
			buildSettings = {
				BUNDLE_LOADER = "$(TEST_HOST)";
				COPY_PHASE_STRIP = NO;
				INFOPLIST_FILE = strobe_liteTests/Info.plist;
				IPHONEOS_DEPLOYMENT_TARGET = 10.0;
				LD_RUNPATH_SEARCH_PATHS = "$(inherited) @executable_path/Frameworks @loader_path/Frameworks";
				OTHER_LDFLAGS = (
					"-ObjC",
					"-lc++",
					"$(inherited)",
				);
				PRODUCT_BUNDLE_IDENTIFIER = "org.reactjs.native.example.$(PRODUCT_NAME:rfc1034identifier)";
				PRODUCT_NAME = "$(TARGET_NAME)";
				TEST_HOST = "$(BUILT_PRODUCTS_DIR)/strobe_lite.app/strobe_lite";
			};
			name = Release;
		};
		13B07F941A680F5B00A75B9A /* Debug */ = {
			isa = XCBuildConfiguration;
			baseConfigurationReference = 48437C3DCCD3A766BCFD2B74 /* Pods-strobe_lite.debug.xcconfig */;
			buildSettings = {
				ASSETCATALOG_COMPILER_APPICON_NAME = AppIcon;
				CLANG_ENABLE_MODULES = YES;
				CURRENT_PROJECT_VERSION = 1;
				DEVELOPMENT_TEAM = 689K2GRM8A;
				ENABLE_BITCODE = NO;
				INFOPLIST_FILE = strobe_lite/Info.plist;
				LD_RUNPATH_SEARCH_PATHS = "$(inherited) @executable_path/Frameworks";
				MARKETING_VERSION = 1.3;
				OTHER_LDFLAGS = (
					"$(inherited)",
					"-ObjC",
					"-lc++",
				);
				PRODUCT_BUNDLE_IDENTIFIER = "com.ide65jm05u2ahe.h2del83v4qog----";
				PRODUCT_NAME = strobe_lite;
				SWIFT_OPTIMIZATION_LEVEL = "-Onone";
				SWIFT_VERSION = 5.0;
				VERSIONING_SYSTEM = "apple-generic";
			};
			name = Debug;
		};
		13B07F951A680F5B00A75B9A /* Release */ = {
			isa = XCBuildConfiguration;
			baseConfigurationReference = A58D1177703E1BAEE3BE16F0 /* Pods-strobe_lite.release.xcconfig */;
			buildSettings = {
				ASSETCATALOG_COMPILER_APPICON_NAME = AppIcon;
				CLANG_ENABLE_MODULES = YES;
				CURRENT_PROJECT_VERSION = 1;
				DEVELOPMENT_TEAM = 689K2GRM8A;
				INFOPLIST_FILE = strobe_lite/Info.plist;
				LD_RUNPATH_SEARCH_PATHS = "$(inherited) @executable_path/Frameworks";
				MARKETING_VERSION = 1.3;
				OTHER_LDFLAGS = (
					"$(inherited)",
					"-ObjC",
					"-lc++",
				);
				PRODUCT_BUNDLE_IDENTIFIER = "com.ide65jm05u2ahe.h2del83v4qog----";
				PRODUCT_NAME = strobe_lite;
				SWIFT_VERSION = 5.0;
				VERSIONING_SYSTEM = "apple-generic";
			};
			name = Release;
		};
		2D02E4971E0B4A5E006451C7 /* Debug */ = {
			isa = XCBuildConfiguration;
			baseConfigurationReference = AB92269CC2A3FF53F479F5CE /* Pods-strobe_lite-tvOS.debug.xcconfig */;
			buildSettings = {
				ASSETCATALOG_COMPILER_APPICON_NAME = "App Icon & Top Shelf Image";
				ASSETCATALOG_COMPILER_LAUNCHIMAGE_NAME = LaunchImage;
				CLANG_ANALYZER_NONNULL = YES;
				CLANG_WARN_DOCUMENTATION_COMMENTS = YES;
				CLANG_WARN_INFINITE_RECURSION = YES;
				CLANG_WARN_SUSPICIOUS_MOVE = YES;
				DEBUG_INFORMATION_FORMAT = dwarf;
				ENABLE_TESTABILITY = YES;
				GCC_NO_COMMON_BLOCKS = YES;
				INFOPLIST_FILE = "strobe_lite-tvOS/Info.plist";
				LD_RUNPATH_SEARCH_PATHS = "$(inherited) @executable_path/Frameworks";
				OTHER_LDFLAGS = (
					"$(inherited)",
					"-ObjC",
					"-lc++",
				);
				PRODUCT_BUNDLE_IDENTIFIER = "org.reactjs.native.example.strobe_lite-tvOS";
				PRODUCT_NAME = "$(TARGET_NAME)";
				SDKROOT = appletvos;
				TARGETED_DEVICE_FAMILY = 3;
				TVOS_DEPLOYMENT_TARGET = 10.0;
			};
			name = Debug;
		};
		2D02E4981E0B4A5E006451C7 /* Release */ = {
			isa = XCBuildConfiguration;
			baseConfigurationReference = F03F6EA462E0CE7B896D92C9 /* Pods-strobe_lite-tvOS.release.xcconfig */;
			buildSettings = {
				ASSETCATALOG_COMPILER_APPICON_NAME = "App Icon & Top Shelf Image";
				ASSETCATALOG_COMPILER_LAUNCHIMAGE_NAME = LaunchImage;
				CLANG_ANALYZER_NONNULL = YES;
				CLANG_WARN_DOCUMENTATION_COMMENTS = YES;
				CLANG_WARN_INFINITE_RECURSION = YES;
				CLANG_WARN_SUSPICIOUS_MOVE = YES;
				COPY_PHASE_STRIP = NO;
				DEBUG_INFORMATION_FORMAT = "dwarf-with-dsym";
				GCC_NO_COMMON_BLOCKS = YES;
				INFOPLIST_FILE = "strobe_lite-tvOS/Info.plist";
				LD_RUNPATH_SEARCH_PATHS = "$(inherited) @executable_path/Frameworks";
				OTHER_LDFLAGS = (
					"$(inherited)",
					"-ObjC",
					"-lc++",
				);
				PRODUCT_BUNDLE_IDENTIFIER = "org.reactjs.native.example.strobe_lite-tvOS";
				PRODUCT_NAME = "$(TARGET_NAME)";
				SDKROOT = appletvos;
				TARGETED_DEVICE_FAMILY = 3;
				TVOS_DEPLOYMENT_TARGET = 10.0;
			};
			name = Release;
		};
		2D02E4991E0B4A5E006451C7 /* Debug */ = {
			isa = XCBuildConfiguration;
			baseConfigurationReference = 8C8AE35865CD52E27ACF7547 /* Pods-strobe_lite-tvOSTests.debug.xcconfig */;
			buildSettings = {
				BUNDLE_LOADER = "$(TEST_HOST)";
				CLANG_ANALYZER_NONNULL = YES;
				CLANG_WARN_DOCUMENTATION_COMMENTS = YES;
				CLANG_WARN_INFINITE_RECURSION = YES;
				CLANG_WARN_SUSPICIOUS_MOVE = YES;
				DEBUG_INFORMATION_FORMAT = dwarf;
				ENABLE_TESTABILITY = YES;
				GCC_NO_COMMON_BLOCKS = YES;
				INFOPLIST_FILE = "strobe_lite-tvOSTests/Info.plist";
				LD_RUNPATH_SEARCH_PATHS = "$(inherited) @executable_path/Frameworks @loader_path/Frameworks";
				OTHER_LDFLAGS = (
					"$(inherited)",
					"-ObjC",
					"-lc++",
				);
				PRODUCT_BUNDLE_IDENTIFIER = "org.reactjs.native.example.strobe_lite-tvOSTests";
				PRODUCT_NAME = "$(TARGET_NAME)";
				SDKROOT = appletvos;
				TEST_HOST = "$(BUILT_PRODUCTS_DIR)/strobe_lite-tvOS.app/strobe_lite-tvOS";
				TVOS_DEPLOYMENT_TARGET = 10.1;
			};
			name = Debug;
		};
		2D02E49A1E0B4A5E006451C7 /* Release */ = {
			isa = XCBuildConfiguration;
			baseConfigurationReference = 48ACC9EE3D8FDBD390DEBFF5 /* Pods-strobe_lite-tvOSTests.release.xcconfig */;
			buildSettings = {
				BUNDLE_LOADER = "$(TEST_HOST)";
				CLANG_ANALYZER_NONNULL = YES;
				CLANG_WARN_DOCUMENTATION_COMMENTS = YES;
				CLANG_WARN_INFINITE_RECURSION = YES;
				CLANG_WARN_SUSPICIOUS_MOVE = YES;
				COPY_PHASE_STRIP = NO;
				DEBUG_INFORMATION_FORMAT = "dwarf-with-dsym";
				GCC_NO_COMMON_BLOCKS = YES;
				INFOPLIST_FILE = "strobe_lite-tvOSTests/Info.plist";
				LD_RUNPATH_SEARCH_PATHS = "$(inherited) @executable_path/Frameworks @loader_path/Frameworks";
				OTHER_LDFLAGS = (
					"$(inherited)",
					"-ObjC",
					"-lc++",
				);
				PRODUCT_BUNDLE_IDENTIFIER = "org.reactjs.native.example.strobe_lite-tvOSTests";
				PRODUCT_NAME = "$(TARGET_NAME)";
				SDKROOT = appletvos;
				TEST_HOST = "$(BUILT_PRODUCTS_DIR)/strobe_lite-tvOS.app/strobe_lite-tvOS";
				TVOS_DEPLOYMENT_TARGET = 10.1;
			};
			name = Release;
		};
		83CBBA201A601CBA00E9B192 /* Debug */ = {
			isa = XCBuildConfiguration;
			buildSettings = {
				ALWAYS_SEARCH_USER_PATHS = NO;
				CLANG_ANALYZER_LOCALIZABILITY_NONLOCALIZED = YES;
				CLANG_CXX_LANGUAGE_STANDARD = "gnu++0x";
				CLANG_CXX_LIBRARY = "libc++";
				CLANG_ENABLE_MODULES = YES;
				CLANG_ENABLE_OBJC_ARC = YES;
				CLANG_WARN_BLOCK_CAPTURE_AUTORELEASING = YES;
				CLANG_WARN_BOOL_CONVERSION = YES;
				CLANG_WARN_COMMA = YES;
				CLANG_WARN_CONSTANT_CONVERSION = YES;
				CLANG_WARN_DEPRECATED_OBJC_IMPLEMENTATIONS = YES;
				CLANG_WARN_DIRECT_OBJC_ISA_USAGE = YES_ERROR;
				CLANG_WARN_EMPTY_BODY = YES;
				CLANG_WARN_ENUM_CONVERSION = YES;
				CLANG_WARN_INFINITE_RECURSION = YES;
				CLANG_WARN_INT_CONVERSION = YES;
				CLANG_WARN_NON_LITERAL_NULL_CONVERSION = YES;
				CLANG_WARN_OBJC_IMPLICIT_RETAIN_SELF = YES;
				CLANG_WARN_OBJC_LITERAL_CONVERSION = YES;
				CLANG_WARN_OBJC_ROOT_CLASS = YES_ERROR;
				CLANG_WARN_RANGE_LOOP_ANALYSIS = YES;
				CLANG_WARN_STRICT_PROTOTYPES = YES;
				CLANG_WARN_SUSPICIOUS_MOVE = YES;
				CLANG_WARN_UNREACHABLE_CODE = YES;
				CLANG_WARN__DUPLICATE_METHOD_MATCH = YES;
				"CODE_SIGN_IDENTITY[sdk=iphoneos*]" = "iPhone Developer";
				COPY_PHASE_STRIP = NO;
				ENABLE_STRICT_OBJC_MSGSEND = YES;
				ENABLE_TESTABILITY = YES;
				GCC_C_LANGUAGE_STANDARD = gnu99;
				GCC_DYNAMIC_NO_PIC = NO;
				GCC_NO_COMMON_BLOCKS = YES;
				GCC_OPTIMIZATION_LEVEL = 0;
				GCC_PREPROCESSOR_DEFINITIONS = (
					"DEBUG=1",
					"$(inherited)",
				);
				GCC_SYMBOLS_PRIVATE_EXTERN = NO;
				GCC_WARN_64_TO_32_BIT_CONVERSION = YES;
				GCC_WARN_ABOUT_RETURN_TYPE = YES_ERROR;
				GCC_WARN_UNDECLARED_SELECTOR = YES;
				GCC_WARN_UNINITIALIZED_AUTOS = YES_AGGRESSIVE;
				GCC_WARN_UNUSED_FUNCTION = YES;
				GCC_WARN_UNUSED_VARIABLE = YES;
				IPHONEOS_DEPLOYMENT_TARGET = 10.0;
				LD_RUNPATH_SEARCH_PATHS = "/usr/lib/swift $(inherited)";
				LIBRARY_SEARCH_PATHS = (
					"\"$(TOOLCHAIN_DIR)/usr/lib/swift/$(PLATFORM_NAME)\"",
					"\"$(TOOLCHAIN_DIR)/usr/lib/swift-5.0/$(PLATFORM_NAME)\"",
					"\"$(inherited)\"",
				);
				MTL_ENABLE_DEBUG_INFO = YES;
				ONLY_ACTIVE_ARCH = YES;
				SDKROOT = iphoneos;
			};
			name = Debug;
		};
		83CBBA211A601CBA00E9B192 /* Release */ = {
			isa = XCBuildConfiguration;
			buildSettings = {
				ALWAYS_SEARCH_USER_PATHS = NO;
				CLANG_ANALYZER_LOCALIZABILITY_NONLOCALIZED = YES;
				CLANG_CXX_LANGUAGE_STANDARD = "gnu++0x";
				CLANG_CXX_LIBRARY = "libc++";
				CLANG_ENABLE_MODULES = YES;
				CLANG_ENABLE_OBJC_ARC = YES;
				CLANG_WARN_BLOCK_CAPTURE_AUTORELEASING = YES;
				CLANG_WARN_BOOL_CONVERSION = YES;
				CLANG_WARN_COMMA = YES;
				CLANG_WARN_CONSTANT_CONVERSION = YES;
				CLANG_WARN_DEPRECATED_OBJC_IMPLEMENTATIONS = YES;
				CLANG_WARN_DIRECT_OBJC_ISA_USAGE = YES_ERROR;
				CLANG_WARN_EMPTY_BODY = YES;
				CLANG_WARN_ENUM_CONVERSION = YES;
				CLANG_WARN_INFINITE_RECURSION = YES;
				CLANG_WARN_INT_CONVERSION = YES;
				CLANG_WARN_NON_LITERAL_NULL_CONVERSION = YES;
				CLANG_WARN_OBJC_IMPLICIT_RETAIN_SELF = YES;
				CLANG_WARN_OBJC_LITERAL_CONVERSION = YES;
				CLANG_WARN_OBJC_ROOT_CLASS = YES_ERROR;
				CLANG_WARN_RANGE_LOOP_ANALYSIS = YES;
				CLANG_WARN_STRICT_PROTOTYPES = YES;
				CLANG_WARN_SUSPICIOUS_MOVE = YES;
				CLANG_WARN_UNREACHABLE_CODE = YES;
				CLANG_WARN__DUPLICATE_METHOD_MATCH = YES;
				"CODE_SIGN_IDENTITY[sdk=iphoneos*]" = "iPhone Developer";
				COPY_PHASE_STRIP = YES;
				ENABLE_NS_ASSERTIONS = NO;
				ENABLE_STRICT_OBJC_MSGSEND = YES;
				GCC_C_LANGUAGE_STANDARD = gnu99;
				GCC_NO_COMMON_BLOCKS = YES;
				GCC_WARN_64_TO_32_BIT_CONVERSION = YES;
				GCC_WARN_ABOUT_RETURN_TYPE = YES_ERROR;
				GCC_WARN_UNDECLARED_SELECTOR = YES;
				GCC_WARN_UNINITIALIZED_AUTOS = YES_AGGRESSIVE;
				GCC_WARN_UNUSED_FUNCTION = YES;
				GCC_WARN_UNUSED_VARIABLE = YES;
				IPHONEOS_DEPLOYMENT_TARGET = 10.0;
				LD_RUNPATH_SEARCH_PATHS = "/usr/lib/swift $(inherited)";
				LIBRARY_SEARCH_PATHS = (
					"\"$(TOOLCHAIN_DIR)/usr/lib/swift/$(PLATFORM_NAME)\"",
					"\"$(TOOLCHAIN_DIR)/usr/lib/swift-5.0/$(PLATFORM_NAME)\"",
					"\"$(inherited)\"",
				);
				MTL_ENABLE_DEBUG_INFO = NO;
				SDKROOT = iphoneos;
				VALIDATE_PRODUCT = YES;
			};
			name = Release;
		};
/* End XCBuildConfiguration section */

/* Begin XCConfigurationList section */
		00E357021AD99517003FC87E /* Build configuration list for PBXNativeTarget "strobe_liteTests" */ = {
			isa = XCConfigurationList;
			buildConfigurations = (
				00E356F61AD99517003FC87E /* Debug */,
				00E356F71AD99517003FC87E /* Release */,
			);
			defaultConfigurationIsVisible = 0;
			defaultConfigurationName = Release;
		};
		13B07F931A680F5B00A75B9A /* Build configuration list for PBXNativeTarget "strobe_lite" */ = {
			isa = XCConfigurationList;
			buildConfigurations = (
				13B07F941A680F5B00A75B9A /* Debug */,
				13B07F951A680F5B00A75B9A /* Release */,
			);
			defaultConfigurationIsVisible = 0;
			defaultConfigurationName = Release;
		};
		2D02E4BA1E0B4A5E006451C7 /* Build configuration list for PBXNativeTarget "strobe_lite-tvOS" */ = {
			isa = XCConfigurationList;
			buildConfigurations = (
				2D02E4971E0B4A5E006451C7 /* Debug */,
				2D02E4981E0B4A5E006451C7 /* Release */,
			);
			defaultConfigurationIsVisible = 0;
			defaultConfigurationName = Release;
		};
		2D02E4BB1E0B4A5E006451C7 /* Build configuration list for PBXNativeTarget "strobe_lite-tvOSTests" */ = {
			isa = XCConfigurationList;
			buildConfigurations = (
				2D02E4991E0B4A5E006451C7 /* Debug */,
				2D02E49A1E0B4A5E006451C7 /* Release */,
			);
			defaultConfigurationIsVisible = 0;
			defaultConfigurationName = Release;
		};
		83CBB9FA1A601CBA00E9B192 /* Build configuration list for PBXProject "strobe_lite" */ = {
			isa = XCConfigurationList;
			buildConfigurations = (
				83CBBA201A601CBA00E9B192 /* Debug */,
				83CBBA211A601CBA00E9B192 /* Release */,
			);
			defaultConfigurationIsVisible = 0;
			defaultConfigurationName = Release;
		};
/* End XCConfigurationList section */
	};
	rootObject = 83CBB9F71A601CBA00E9B192 /* Project object */;
}
